
Microsoft Visual Studio Solution File, Format Version 12.00
# Visual Studio 2015
Project("{FAE04EC0-301F-11D3-BF4B-00C04F79EFBC}") = "Virus.CSharp.Plugins", "Virus.CSharp.Plugins.csproj", "{6F80210D-6989-7F3C-2DF5-DDF50E4D47EC}"
EndProject
Project("{FAE04EC0-301F-11D3-BF4B-00C04F79EFBC}") = "Virus.CSharp", "Virus.CSharp.csproj", "{329C35AE-C729-4A98-3A6A-45C0438E6EDB}"
EndProject
Project("{FAE04EC0-301F-11D3-BF4B-00C04F79EFBC}") = "Virus.CSharp.Editor", "Virus.CSharp.Editor.csproj", "{0F5DD005-CD9B-8A59-140B-99B775C8CB6B}"
EndProject
Global
	GlobalSection(SolutionConfigurationPlatforms) = preSolution
		Debug|Any CPU = Debug|Any CPU
		Release|Any CPU = Release|Any CPU
	EndGlobalSection
	GlobalSection(ProjectConfigurationPlatforms) = postSolution
		{6F80210D-6989-7F3C-2DF5-DDF50E4D47EC}.Debug|Any CPU.ActiveCfg = Debug|Any CPU
		{6F80210D-6989-7F3C-2DF5-DDF50E4D47EC}.Debug|Any CPU.Build.0 = Debug|Any CPU
		{6F80210D-6989-7F3C-2DF5-DDF50E4D47EC}.Release|Any CPU.ActiveCfg = Release|Any CPU
		{6F80210D-6989-7F3C-2DF5-DDF50E4D47EC}.Release|Any CPU.Build.0 = Release|Any CPU
		{329C35AE-C729-4A98-3A6A-45C0438E6EDB}.Debug|Any CPU.ActiveCfg = Debug|Any CPU
		{329C35AE-C729-4A98-3A6A-45C0438E6EDB}.Debug|Any CPU.Build.0 = Debug|Any CPU
		{329C35AE-C729-4A98-3A6A-45C0438E6EDB}.Release|Any CPU.ActiveCfg = Release|Any CPU
		{329C35AE-C729-4A98-3A6A-45C0438E6EDB}.Release|Any CPU.Build.0 = Release|Any CPU
		{0F5DD005-CD9B-8A59-140B-99B775C8CB6B}.Debug|Any CPU.ActiveCfg = Debug|Any CPU
		{0F5DD005-CD9B-8A59-140B-99B775C8CB6B}.Debug|Any CPU.Build.0 = Debug|Any CPU
		{0F5DD005-CD9B-8A59-140B-99B775C8CB6B}.Release|Any CPU.ActiveCfg = Release|Any CPU
		{0F5DD005-CD9B-8A59-140B-99B775C8CB6B}.Release|Any CPU.Build.0 = Release|Any CPU
	EndGlobalSection
	GlobalSection(SolutionProperties) = preSolution
		HideSolutionNode = FALSE
	EndGlobalSection
EndGlobal
